
Microsoft Visual Studio Solution File, Format Version 12.00
# Visual Studio 2013
VisualStudioVersion = 12.0.21005.1
MinimumVisualStudioVersion = 10.0.40219.1
Project("{FAE04EC0-301F-11D3-BF4B-00C04F79EFBC}") = "AutoPaper", "AutoPaper\AutoPaper.csproj", "{C58700F4-D241-4FD1-A033-56BA676EA078}"
EndProject
Project("{FAE04EC0-301F-11D3-BF4B-00C04F79EFBC}") = "AutoPaper.UnitTests", "AutoPaper.UnitTests\AutoPaper.UnitTests.csproj", "{0FCA881B-4CBF-4AE3-AA7C-16161BF637B1}"
EndProject
Global
	GlobalSection(SolutionConfigurationPlatforms) = preSolution
		Debug|Any CPU = Debug|Any CPU
		Release|Any CPU = Release|Any CPU
	EndGlobalSection
	GlobalSection(ProjectConfigurationPlatforms) = postSolution
		{C58700F4-D241-4FD1-A033-56BA676EA078}.Debug|Any CPU.ActiveCfg = Debug|Any CPU
		{C58700F4-D241-4FD1-A033-56BA676EA078}.Debug|Any CPU.Build.0 = Debug|Any CPU
		{C58700F4-D241-4FD1-A033-56BA676EA078}.Release|Any CPU.ActiveCfg = Release|Any CPU
		{C58700F4-D241-4FD1-A033-56BA676EA078}.Release|Any CPU.Build.0 = Release|Any CPU
		{0FCA881B-4CBF-4AE3-AA7C-16161BF637B1}.Debug|Any CPU.ActiveCfg = Debug|Any CPU
		{0FCA881B-4CBF-4AE3-AA7C-16161BF637B1}.Debug|Any CPU.Build.0 = Debug|Any CPU
		{0FCA881B-4CBF-4AE3-AA7C-16161BF637B1}.Release|Any CPU.ActiveCfg = Release|Any CPU
		{0FCA881B-4CBF-4AE3-AA7C-16161BF637B1}.Release|Any CPU.Build.0 = Release|Any CPU
	EndGlobalSection
	GlobalSection(SolutionProperties) = preSolution
		HideSolutionNode = FALSE
	EndGlobalSection
EndGlobal
